PODS:
  - Alamofire (5.2.2)
  - BigInt (5.0.0)
  - BitcoinCashKit.swift (0.15.2):
    - BigInt (~> 5.0)
    - BitcoinCore.swift (~> 0.15)
    - GRDB.swift (~> 4.0)
    - HdWalletKit.swift (~> 1.5)
    - ObjectMapper (~> 3.0)
    - OpenSslKit.swift (~> 1.0)
    - RxSwift (~> 5.0)
    - Secp256k1Kit.swift (~> 1.0)
  - BitcoinCore.swift (0.15.2):
    - BigInt (~> 5.0)
    - GRDB.swift (~> 4.0)
    - HdWalletKit.swift (~> 1.5)
    - HsToolKit.swift (~> 1.1.0)
    - ObjectMapper (~> 3.0)
    - OpenSslKit.swift (~> 1.0)
    - RxSwift (~> 5.0)
    - Secp256k1Kit.swift (~> 1.0)
    - UIExtensions.swift (~> 1.1.1)
  - BitcoinKit.swift (0.15.2):
    - BigInt (~> 5.0)
    - BitcoinCore.swift (~> 0.15)
    - GRDB.swift (~> 4.0)
    - HdWalletKit.swift (~> 1.5)
    - Hodler.swift (~> 0.15)
    - ObjectMapper (~> 3.0)
    - OpenSslKit.swift (~> 1.0)
    - RxSwift (~> 5.0)
    - Secp256k1Kit.swift (~> 1.0)
  - BlsKit.swift (1.0)
  - Cuckoo (1.3.2):
    - Cuckoo/Swift (= 1.3.2)
  - Cuckoo/Swift (1.3.2)
  - DashKit.swift (0.15.2):
    - BigInt (~> 5.0)
    - BitcoinCore.swift (~> 0.15)
    - BlsKit.swift (~> 1.0)
    - GRDB.swift (~> 4.0)
    - HdWalletKit.swift (~> 1.5)
    - ObjectMapper (~> 3.0)
    - OpenSslKit.swift (~> 1.0)
    - RxSwift (~> 5.0)
    - Secp256k1Kit.swift (~> 1.0)
    - X11Kit.swift (~> 1.0)
  - GRDB.swift (4.14.0):
    - GRDB.swift/standard (= 4.14.0)
  - GRDB.swift/standard (4.14.0)
  - HdWalletKit.swift (1.5):
    - OpenSslKit.swift (~> 1.0)
    - Secp256k1Kit.swift (~> 1.0)
  - Hodler.swift (0.15.2):
    - BitcoinCore.swift (~> 0.15)
    - OpenSslKit.swift (~> 1.0)
    - Secp256k1Kit.swift (~> 1.0)
  - HsToolKit.swift (1.1.0):
    - Alamofire (~> 5.0)
    - ObjectMapper (~> 3.0)
    - RxSwift (~> 5.0)
  - LitecoinKit.swift (0.15.2):
    - BigInt (~> 5.0)
    - BitcoinCore.swift (~> 0.15)
    - GRDB.swift (~> 4.0)
    - HdWalletKit.swift (~> 1.5)
    - ObjectMapper (~> 3.0)
    - OpenSslKit.swift (~> 1.0)
    - RxSwift (~> 5.0)
    - Secp256k1Kit.swift (~> 1.0)
  - Nimble (8.0.7)
  - ObjectMapper (3.5.2)
  - OpenSslKit.swift (1.2)
  - Quick (2.2.0)
  - RxBlocking (5.1.1):
    - RxSwift (~> 5)
  - RxSwift (5.1.1)
  - Secp256k1Kit.swift (1.0)
  - UIExtensions.swift (1.1.1)
  - X11Kit.swift (1.0)

DEPENDENCIES:
  - BitcoinCashKit.swift (from `../`)
  - BitcoinCore.swift (from `../`)
  - BitcoinKit.swift (from `../`)
  - Cuckoo
  - DashKit.swift (from `../`)
  - Hodler.swift (from `../`)
  - HsToolKit.swift (from `https://github.com/horizontalsystems/hs-tool-kit-ios`)
  - LitecoinKit.swift (from `../`)
  - Nimble
  - Quick
  - RxBlocking (~> 5.0)
  - UIExtensions.swift (from `https://github.com/horizontalsystems/gui-kit/`)

SPEC REPOS:
  trunk:
    - Alamofire
    - BigInt
    - BlsKit.swift
    - Cuckoo
    - GRDB.swift
    - HdWalletKit.swift
    - Nimble
    - ObjectMapper
    - OpenSslKit.swift
    - Quick
    - RxBlocking
    - RxSwift
    - Secp256k1Kit.swift
    - X11Kit.swift

EXTERNAL SOURCES:
  BitcoinCashKit.swift:
    :path: "../"
  BitcoinCore.swift:
    :path: "../"
  BitcoinKit.swift:
    :path: "../"
  DashKit.swift:
    :path: "../"
  Hodler.swift:
    :path: "../"
  HsToolKit.swift:
    :git: https://github.com/horizontalsystems/hs-tool-kit-ios
  LitecoinKit.swift:
    :path: "../"
  UIExtensions.swift:
    :git: https://github.com/horizontalsystems/gui-kit/

CHECKOUT OPTIONS:
  HsToolKit.swift:
    :commit: 52d655b99381d1940e215f22382f0814cc0c8bc3
    :git: https://github.com/horizontalsystems/hs-tool-kit-ios
  UIExtensions.swift:
    :commit: aaa903a8fbf9def952320d0f035391b0c67b7818
    :git: https://github.com/horizontalsystems/gui-kit/

SPEC CHECKSUMS:
  Alamofire: 814429acc853c6c54ff123fc3d2ef66803823ce0
  BigInt: 74b4d88367b0e819d9f77393549226d36faeb0d8
  BitcoinCashKit.swift: b198750ee7f3bb0df2cec9f8abd49ce67f993200
  BitcoinCore.swift: f482564216134db3141b8da74a72f46731b6acb6
  BitcoinKit.swift: 672b1210fe8f109ee3600a69e6c3d0cbefe979e3
  BlsKit.swift: 533e494e0068f9ad2cf211a31fe9279f688af123
  Cuckoo: 57f71c6616b6b08cd9fe27f803da056fb619ff3e
  DashKit.swift: 0a0faf547999ed9a2e61fa788487cb892169e634
  GRDB.swift: 8cc3ab7c8b8b4ac1761deb8dca4b51c1c9d429f8
  HdWalletKit.swift: 4af4ef744a446904261971e5c31daf2eea8403c5
  Hodler.swift: d4236d39aad523998e3d6acb1bfbbdb7dffdba59
  HsToolKit.swift: d47ef3e8c507a6e980f2f6d819c5b0cf05845910
  LitecoinKit.swift: 361c0ff1b1c504c16831e619cc716efeac52c368
  Nimble: a73af6ecd4c9106f434f3d55fc54570be3739e0b
  ObjectMapper: b53ae947d370bf89423e86be7d4e2d2b2a8d3f40
  OpenSslKit.swift: 168b059e3438c21994a3e9fe6c5648df96660d94
  Quick: 7fb19e13be07b5dfb3b90d4f9824c855a11af40e
  RxBlocking: 5f700a78cad61ce253ebd37c9a39b5ccc76477b4
  RxSwift: 81470a2074fa8780320ea5fe4102807cb7118178
  Secp256k1Kit.swift: 93b1bfbb8909c12605666cc3b1e59d1d1fde7322
  UIExtensions.swift: 3ed084c0343ddd0f86c7c558d37759e1fd7d5778
  X11Kit.swift: 6cfd05473e41c7b866c1a016300da02af63ad049

PODFILE CHECKSUM: a156fcc8b40e251b5edc4728cca7725b531255a4

COCOAPODS: 1.9.1
