PODS:
  - Alamofire (4.7.3)
  - BigInt (3.1.0):
    - SipHash (~> 1.2)
  - Cuckoo (0.11.3)
  - ObjectMapper (3.3.0)
  - Realm (3.9.0):
    - Realm/Headers (= 3.9.0)
  - Realm/Headers (3.9.0)
  - RealmSwift (3.9.0):
    - Realm (= 3.9.0)
  - RxRealm (0.7.5):
    - RealmSwift (~> 3.0)
    - RxSwift (~> 4.0)
  - RxSwift (4.3.0)
  - SipHash (1.2.2)

DEPENDENCIES:
  - Alamofire
  - BigInt
  - Cuckoo
  - ObjectMapper
  - RealmSwift
  - RxRealm
  - RxSwift

SPEC REPOS:
  https://github.com/cocoapods/specs.git:
    - Alamofire
    - BigInt
    - Cuckoo
    - ObjectMapper
    - Realm
    - RealmSwift
    - RxRealm
    - RxSwift
    - SipHash

SPEC CHECKSUMS:
  Alamofire: c7287b6e5d7da964a70935e5db17046b7fde6568
  BigInt: 76b5dfdfa3e2e478d4ffdf161aeede5502e2742f
  Cuckoo: 97522dd7ac6f18adba6022bdc74aa69e82ca691a
  ObjectMapper: b612bf8c8e99c4dc0bb6013a51f7c27966ed5da9
  Realm: 3d36f208bf3aff8335dc3298742140182bde4edb
  RealmSwift: aa4d11917bfcfaa3ed51f219102a487ecd895447
  RxRealm: a6c6c0a07cb61f34209969ca6657734edfdfff30
  RxSwift: a9717a34df3179fe63563f76e046ad345078dd3a
  SipHash: fad90a4683e420c52ef28063063dbbce248ea6d4

PODFILE CHECKSUM: 81d5f322010c923196814d4a27d3988fe90ef093

COCOAPODS: 1.5.3
