PODS:
  - Alamofire (4.8.2)
  - BigInt (4.0.0)
  - CryptoBLS.swift (1.1)
  - CryptoX11.swift (1.1)
  - Cuckoo (1.1.1)
  - GRDB.swift (4.3.0):
    - GRDB.swift/standard (= 4.3.0)
  - GRDB.swift/standard (4.3.0)
  - HSCryptoKit (1.5.0)
  - HSHDWalletKit (1.2.0):
    - HSCryptoKit (~> 1)
  - Nimble (8.0.2)
  - ObjectMapper (3.5.1)
  - Quick (2.1.0)
  - RxBlocking (5.0.0):
    - RxSwift (~> 5)
  - RxSwift (5.0.0)

DEPENDENCIES:
  - Alamofire (~> 4.0)
  - BigInt (~> 4.0)
  - CryptoBLS.swift (~> 1.1)
  - CryptoX11.swift (~> 1.1)
  - Cuckoo
  - GRDB.swift (~> 4.0)
  - HSCryptoKit (~> 1.4)
  - HSHDWalletKit (~> 1.2)
  - Nimble
  - ObjectMapper (~> 3.0)
  - Quick
  - RxBlocking (~> 5.0)
  - RxSwift (~> 5.0)

SPEC REPOS:
  https://github.com/cocoapods/specs.git:
    - Alamofire
    - BigInt
    - CryptoBLS.swift
    - CryptoX11.swift
    - Cuckoo
    - GRDB.swift
    - HSCryptoKit
    - HSHDWalletKit
    - Nimble
    - ObjectMapper
    - Quick
    - RxBlocking
    - RxSwift

SPEC CHECKSUMS:
  Alamofire: ae5c501addb7afdbb13687d7f2f722c78734c2d3
  BigInt: 2aad1a9942dc932ec8b84290d2c564a3d76f97ab
  CryptoBLS.swift: 89828d8e3013e45ce4f913d26008b91fc5d0f3a0
  CryptoX11.swift: 8f0ca5fbfefbe49126220ce23b5de106928cf0f0
  Cuckoo: 6193c50e46403cc9417aa98752671a2a5ae6f3a6
  GRDB.swift: 083ec261ce573888d8ed2eae1b49bc0bf40d9e2c
  HSCryptoKit: 514a3111fd37ad18b7261d4a55271daaba3b0eb9
  HSHDWalletKit: 6f5d5b1f9b1f950c948bdff13f5f52e5c5bcb7bb
  Nimble: 622629381bda1dd5678162f21f1368cec7cbba60
  ObjectMapper: 70187b8941977c62ccfb423caf6b50be405cabf0
  Quick: 4be43f6634acfa727dd106bdf3929ce125ffa79d
  RxBlocking: c67185d26498ea3cbe3e121917c3c16739e43123
  RxSwift: 8b0671caa829a763bbce7271095859121cbd895f

PODFILE CHECKSUM: 9202b35b5a0e050bd576cb378b1405045f94c5ed

COCOAPODS: 1.7.5
